
Microsoft Visual Studio Solution File, Format Version 12.00
# Visual Studio Version 17
VisualStudioVersion = 17.0.31903.59
MinimumVisualStudioVersion = 10.0.40219.1
Project("{FAE04EC0-301F-11D3-BF4B-00C04F79EFBC}") = "BookStore.Api", "BookStore.Api\BookStore.Api.csproj", "{6C330F08-FA60-4027-875A-B1603064E9EC}"
EndProject
Project("{FAE04EC0-301F-11D3-BF4B-00C04F79EFBC}") = "BookStore.Data", "BookStore.Data\BookStore.Data.csproj", "{A27B814F-7595-4BF2-A7A7-30B3DD215B1C}"
EndProject
Project("{FAE04EC0-301F-11D3-BF4B-00C04F79EFBC}") = "BookStore.Test", "BookStore.Test\BookStore.Test.csproj", "{0724577E-234F-4B95-A83C-640FD131AA4C}"
EndProject
Global
	GlobalSection(SolutionConfigurationPlatforms) = preSolution
		Debug|Any CPU = Debug|Any CPU
		Release|Any CPU = Release|Any CPU
	EndGlobalSection
	GlobalSection(SolutionProperties) = preSolution
		HideSolutionNode = FALSE
	EndGlobalSection
	GlobalSection(ProjectConfigurationPlatforms) = postSolution
		{6C330F08-FA60-4027-875A-B1603064E9EC}.Debug|Any CPU.ActiveCfg = Debug|Any CPU
		{6C330F08-FA60-4027-875A-B1603064E9EC}.Debug|Any CPU.Build.0 = Debug|Any CPU
		{6C330F08-FA60-4027-875A-B1603064E9EC}.Release|Any CPU.ActiveCfg = Release|Any CPU
		{6C330F08-FA60-4027-875A-B1603064E9EC}.Release|Any CPU.Build.0 = Release|Any CPU
		{A27B814F-7595-4BF2-A7A7-30B3DD215B1C}.Debug|Any CPU.ActiveCfg = Debug|Any CPU
		{A27B814F-7595-4BF2-A7A7-30B3DD215B1C}.Debug|Any CPU.Build.0 = Debug|Any CPU
		{A27B814F-7595-4BF2-A7A7-30B3DD215B1C}.Release|Any CPU.ActiveCfg = Release|Any CPU
		{A27B814F-7595-4BF2-A7A7-30B3DD215B1C}.Release|Any CPU.Build.0 = Release|Any CPU
		{0724577E-234F-4B95-A83C-640FD131AA4C}.Debug|Any CPU.ActiveCfg = Debug|Any CPU
		{0724577E-234F-4B95-A83C-640FD131AA4C}.Debug|Any CPU.Build.0 = Debug|Any CPU
		{0724577E-234F-4B95-A83C-640FD131AA4C}.Release|Any CPU.ActiveCfg = Release|Any CPU
		{0724577E-234F-4B95-A83C-640FD131AA4C}.Release|Any CPU.Build.0 = Release|Any CPU
	EndGlobalSection
EndGlobal
